github.com/davecgh/go-spew v1.1.1 h1:vj9j/u1bqnvCEfJOwUhtlOARqs3+rkHYY13jYWTU97c=
github.com/davecgh/go-spew v1.1.1/go.mod h1:J7Y8YcW2NihsgmVo/mv3lAwl/skON4iLHjSsI+c5H38=
github.com/egirna/icap v0.0.0-20181108071049-d5ee18bd70bc h1:6IxmRbXV8WXVkcYcTzkU219A3UZeNMX/e6X2sve1wXA=
github.com/egirna/icap v0.0.0-20181108071049-d5ee18bd70bc/go.mod h1:FdVN2WHg7zOHhJ7kZQdDorfFhIfqZaHttjAzDDvAXHE=
github.com/egirna/icap-client v0.1.1 h1:UURZRA7+36bBmMgJZHB+W4d3hfp20pDUA/QL794C0ck=
github.com/egirna/icap-client v0.1.1/go.mod h1:6yHhnak1cKRyhDoRxnzlRKJbOTXPgh9Oe3tOs7Sq3vw=
